
Microsoft Visual Studio Solution File, Format Version 12.00
# Visual Studio Version 17
VisualStudioVersion = 17.4.33110.190
MinimumVisualStudioVersion = 10.0.40219.1
Project("{FAE04EC0-301F-11D3-BF4B-00C04F79EFBC}") = "WebEscuelaMVC", "WebEscuelaMVC\WebEscuelaMVC.csproj", "{BA8D8F85-17C3-425F-B75E-6203A18D9667}"
EndProject
Global
	GlobalSection(SolutionConfigurationPlatforms) = preSolution
		Debug|Any CPU = Debug|Any CPU
		Release|Any CPU = Release|Any CPU
	EndGlobalSection
	GlobalSection(ProjectConfigurationPlatforms) = postSolution
		{BA8D8F85-17C3-425F-B75E-6203A18D9667}.Debug|Any CPU.ActiveCfg = Debug|Any CPU
		{BA8D8F85-17C3-425F-B75E-6203A18D9667}.Debug|Any CPU.Build.0 = Debug|Any CPU
		{BA8D8F85-17C3-425F-B75E-6203A18D9667}.Release|Any CPU.ActiveCfg = Release|Any CPU
		{BA8D8F85-17C3-425F-B75E-6203A18D9667}.Release|Any CPU.Build.0 = Release|Any CPU
	EndGlobalSection
	GlobalSection(SolutionProperties) = preSolution
		HideSolutionNode = FALSE
	EndGlobalSection
	GlobalSection(ExtensibilityGlobals) = postSolution
		SolutionGuid = {ED4BD244-CA35-4801-A9D6-6C470A7F9172}
	EndGlobalSection
EndGlobal
